[engine.archlast-luanti]
repo = https://github.com/luanti-org/luanti.git
upstream = https://github.com/luanti-org/luanti.git
commit = c0e6812b1a4260bb25a1f606f70f55f4962bb97d
upstream_branch = master
# TODO: swap repo to algochad/archlast-luanti fork URL once created
# TODO: run `git -C engine/archlast-luanti remote set-url origin <FORK_URL>` after fork creation

[content.arch_base.mineclonia]
role = merge-base
url = https://codeberg.org/mineclonia/mineclonia.git
branch = main
sha = 85029767688df9c3ca95c9cff3b082c0a83f6704
license = GPLv3

[content.arch_base.voxelibre]
role = donor
url = https://git.minetest.land/VoxeLibre/VoxeLibre.git
branch = master
sha = 2373982f19f9b5d89cd2e3146ad7749876319e15
license = GPLv3

[content.arch_base.shader_preset]
role = first-class-mod
url = https://codeberg.org/TheUnknownHack3r/voxelibre_shader_preset_port.git
branch = master
sha = cf0cf6198ddd20b239ac9dbdb39e6facdd09e7b9
license = MIT

[content.arch_base.bushy_leaves]
role = first-class-mod
url = https://codeberg.org/EmoryNB/bushy_leaves.git
branch = master
sha = f2a608053404ca050ce430d0b8f2ed32236c2172
license = AGPLv3
integration = byte-identical-vendor-into-mods-ENVIRONMENT-bushy_leaves
upstream_optional_depends = default, mcl_core, nc_tree, rp_default
note = screenshots dropped (~2MB); init.lua/mod.conf/settingtypes.txt/models byte-identical; mesh override applies to all *leaves*/*needles* nodes via on_mods_loaded

[content.arch_base.3d_armor_hover]
role = first-class-mod
url = https://github.com/wks/3d_armor_hover.git
sha = 3f4876fa7a2e5cb1625c87b49c46f29a43176f0c
license = LGPLv2.1-code-plus-CC-BY-SA-3.0-assets
integration = compat-patched-vendor-into-mods-PLAYER-3d_armor_hover
upstream_optional_depends = player_api, br_player_model, mcl_player, mcl_skins, 3d_armor, skinsdb, tutorial_default, hand_monoid
note = screenshots+images_source+models_source dropped (~8.9MB); lua+glb+textures+meta byte-identical except game_backend.lua Arch Base compat shims and mod.conf hard depends on mcl_player+mcl_skins

[texturepack.pixel-perfection]
role = texture-pack
url = https://github.com/minetest-texture-packs/Pixel-Perfection
branch = master
sha = 7935d064fc6f993d1b5038ed5ec17a615600cf0a
license = CC-BY-SA-4.0
authors = XSheep, Toby109tt, tacotexmex, devurandom
supported_games_upstream = minetest_game
integration = same-basename-copy-into-arch_base-mods
same_name_files_copied = 128
note = upstream pack targets minetest_game default/* names; only same-basename files applied; mcl_* game textures keep Mineclonia art

[content.arch_base.asuna_default_aliases]
role = compat-shim
url = n/a-local
sha = n/a
license = MIT
integration = local-shim-mod-COMPAT-asuna_default_aliases
note = maps default:* to mcl_core:* + provides default.node_sound_* globals for geodes/bakedclay/tms; must load before geodes/bakedclay/too_many_stones

[content.arch_base.geodes]
role = first-class-mod
url = https://github.com/asuna-mt/geodes
sha = c97407f6082dbd09f71a4db78c5b6c7b1fc0f417
license = LGPLv3-code-plus-CC-BY-SA-3.0-textures
integration = compat-patched-vendor-into-mods-MISC-geodes
note = sound-shim via asuna_default_aliases default.node_sound_stone_defaults global; mod.conf depends changed to asuna_default_aliases+mcl_sounds; .git/.xcf/screenshots/blockbench-json dropped

[content.arch_base.bakedclay]
role = first-class-mod
url = https://github.com/asuna-mt/bakedclay
sha = a227f767015a5b31cd91086375b03e4d367682b1
license = MIT
integration = compat-patched-vendor-into-mods-ITEMS-bakedclay
note = item-alias default:clay->mcl_core:clay, default:cactus->mcl_core:cactus, default:clay_brick->mcl_core:brick; dry_shrub craft line removed (no arch_base equivalent); lucky_block.lua default:chest->mcl_chests:chest; mod.conf depends changed to asuna_default_aliases+mcl_sounds+mcl_dye; .git/.xcf/screenshots/blockbench-json dropped

[content.arch_base.too_many_stones]
role = first-class-mod
url = https://github.com/asuna-mt/too_many_stones
sha = 4f06463d7715850b77845a14285ed67e49294422
license = LGPLv2.1
integration = compat-patched-vendor-into-mods-MISC-too_many_stones
note = optional_depends adds asuna_default_aliases; default:-guarded crafting block in crafting.lua skipped safely via get_modpath("default") nil check; mapgen.lua default: refs guarded; wherein=mapgen_stone resolves via arch_base alias; .git/.xcf/screenshots/blockbench-json dropped

[content.arch_base.animalia]
role = first-class-mod
url = https://github.com/asuna-mt/animalia
sha = f4549e4d6f3fcab077353a16886caa6c70d48753
license = MIT
integration = compat-patched-vendor-into-mods-ENTITIES-animalia
note = asuna global shim injected at top of init.lua (asuna.content.menagerie.animals=true, asuna.features.animals returns empty table, asuna.biomes returns {name="unknown"}); optional_depends adds asuna_default_aliases; creatura hard dep kept; .git/.xcf/screenshots/blockbench-json dropped

[content.arch_base.livingslimes]
role = first-class-mod
url = https://github.com/asuna-mt/livingslimes
sha = 6e62b7ce70e314be7fac5636d7ec6314d51a6c62
license = GPLv3-code-plus-CC-BY-SA-4.0-media
integration = compat-patched-vendor-into-mods-ENTITIES-livingslimes
note = asuna gate shim injected at top of init.lua (asuna.content.menagerie.slimes=true) so slimes-enabled gate passes; optional_depends adds asuna_default_aliases+mcl_fire; creatura hard dep kept; .git/.xcf/screenshots/blockbench-json dropped
