[engine.archlast-luanti]
repo = https://github.com/luanti-org/luanti.git
upstream = https://github.com/luanti-org/luanti.git
commit = c0e6812b1a4260bb25a1f606f70f55f4962bb97d
upstream_branch = master
# TODO: swap repo to algochad/archlast-luanti fork URL once created
# TODO: run `git -C engine/archlast-luanti remote set-url origin <FORK_URL>` after fork creation

[content.arch_base.mineclonia]
role = merge-base
url = https://codeberg.org/mineclonia/mineclonia.git
branch = main
sha = 85029767688df9c3ca95c9cff3b082c0a83f6704
license = GPLv3

[content.arch_base.voxelibre]
role = donor
url = https://git.minetest.land/VoxeLibre/VoxeLibre.git
branch = master
sha = 2373982f19f9b5d89cd2e3146ad7749876319e15
license = GPLv3

[content.arch_base.shader_preset]
role = first-class-mod
url = https://codeberg.org/TheUnknownHack3r/voxelibre_shader_preset_port.git
branch = master
sha = cf0cf6198ddd20b239ac9dbdb39e6facdd09e7b9
license = MIT

[content.arch_base.bushy_leaves]
role = first-class-mod
url = https://codeberg.org/EmoryNB/bushy_leaves.git
branch = master
sha = f2a608053404ca050ce430d0b8f2ed32236c2172
license = AGPLv3
integration = byte-identical-vendor-into-mods-ENVIRONMENT-bushy_leaves
upstream_optional_depends = default, mcl_core, nc_tree, rp_default
note = screenshots dropped (~2MB); init.lua/mod.conf/settingtypes.txt/models byte-identical; mesh override applies to all *leaves*/*needles* nodes via on_mods_loaded

[texturepack.pixel-perfection]
role = texture-pack
url = https://github.com/minetest-texture-packs/Pixel-Perfection
branch = master
sha = 7935d064fc6f993d1b5038ed5ec17a615600cf0a
license = CC-BY-SA-4.0
authors = XSheep, Toby109tt, tacotexmex, devurandom
supported_games_upstream = minetest_game
integration = same-basename-copy-into-arch_base-mods
same_name_files_copied = 128
note = upstream pack targets minetest_game default/* names; only same-basename files applied; mcl_* game textures keep Mineclonia art
